
Microsoft Visual Studio Solution File, Format Version 12.00
# Visual Studio 15
VisualStudioVersion = 15.0.27703.2035
MinimumVisualStudioVersion = 10.0.40219.1
Project("{FAE04EC0-301F-11D3-BF4B-00C04F79EFBC}") = "repricer", "repricer\repricer.csproj", "{CD2D0404-A5C5-4860-B8AA-CA85B32F9108}"
EndProject
Project("{FAE04EC0-301F-11D3-BF4B-00C04F79EFBC}") = "sclib", "..\sclib\sclib\sclib.csproj", "{9DC462A5-DED7-468C-B53C-5A0D59C7DC21}"
EndProject
Project("{FAE04EC0-301F-11D3-BF4B-00C04F79EFBC}") = "dsutil", "..\dsutil\dsutil.csproj", "{7FA17F92-860B-4367-AB69-A3A417A29A79}"
EndProject
Project("{FAE04EC0-301F-11D3-BF4B-00C04F79EFBC}") = "dsmodels", "..\dsmodels\dsmodels\dsmodels.csproj", "{A34F18F9-50A8-4648-87A9-70743B810E71}"
EndProject
Global
	GlobalSection(SolutionConfigurationPlatforms) = preSolution
		Debug|Any CPU = Debug|Any CPU
		Release|Any CPU = Release|Any CPU
	EndGlobalSection
	GlobalSection(ProjectConfigurationPlatforms) = postSolution
		{CD2D0404-A5C5-4860-B8AA-CA85B32F9108}.Debug|Any CPU.ActiveCfg = Debug|Any CPU
		{CD2D0404-A5C5-4860-B8AA-CA85B32F9108}.Debug|Any CPU.Build.0 = Debug|Any CPU
		{CD2D0404-A5C5-4860-B8AA-CA85B32F9108}.Release|Any CPU.ActiveCfg = Release|Any CPU
		{CD2D0404-A5C5-4860-B8AA-CA85B32F9108}.Release|Any CPU.Build.0 = Release|Any CPU
		{9DC462A5-DED7-468C-B53C-5A0D59C7DC21}.Debug|Any CPU.ActiveCfg = Debug|Any CPU
		{9DC462A5-DED7-468C-B53C-5A0D59C7DC21}.Debug|Any CPU.Build.0 = Debug|Any CPU
		{9DC462A5-DED7-468C-B53C-5A0D59C7DC21}.Release|Any CPU.ActiveCfg = Release|Any CPU
		{9DC462A5-DED7-468C-B53C-5A0D59C7DC21}.Release|Any CPU.Build.0 = Release|Any CPU
		{7FA17F92-860B-4367-AB69-A3A417A29A79}.Debug|Any CPU.ActiveCfg = Debug|Any CPU
		{7FA17F92-860B-4367-AB69-A3A417A29A79}.Debug|Any CPU.Build.0 = Debug|Any CPU
		{7FA17F92-860B-4367-AB69-A3A417A29A79}.Release|Any CPU.ActiveCfg = Release|Any CPU
		{7FA17F92-860B-4367-AB69-A3A417A29A79}.Release|Any CPU.Build.0 = Release|Any CPU
		{A34F18F9-50A8-4648-87A9-70743B810E71}.Debug|Any CPU.ActiveCfg = Debug|Any CPU
		{A34F18F9-50A8-4648-87A9-70743B810E71}.Debug|Any CPU.Build.0 = Debug|Any CPU
		{A34F18F9-50A8-4648-87A9-70743B810E71}.Release|Any CPU.ActiveCfg = Release|Any CPU
		{A34F18F9-50A8-4648-87A9-70743B810E71}.Release|Any CPU.Build.0 = Release|Any CPU
	EndGlobalSection
	GlobalSection(SolutionProperties) = preSolution
		HideSolutionNode = FALSE
	EndGlobalSection
	GlobalSection(ExtensibilityGlobals) = postSolution
		SolutionGuid = {A84AE74C-151D-4BE6-BB4F-FFD7B0BBF744}
	EndGlobalSection
EndGlobal
